
Microsoft Visual Studio Solution File, Format Version 12.00
# Visual Studio Version 16
VisualStudioVersion = 16.0.31424.327
MinimumVisualStudioVersion = 10.0.40219.1
Project("{FAE04EC0-301F-11D3-BF4B-00C04F79EFBC}") = "QuartetEditor", "QuartetEditor\QuartetEditor.csproj", "{151FE1FB-FCD4-4043-BB34-E733844BF700}"
EndProject
Project("{FAE04EC0-301F-11D3-BF4B-00C04F79EFBC}") = "QuartetEditorUnitTest", "QuartetEditorUnitTest\QuartetEditorUnitTest.csproj", "{4F7A8EF1-8092-4286-913D-022420818DB0}"
EndProject
Project("{FAE04EC0-301F-11D3-BF4B-00C04F79EFBC}") = "ICSharpCode.AvalonEdit", "AvalonEdit\ICSharpCode.AvalonEdit\ICSharpCode.AvalonEdit.csproj", "{6C55B776-26D4-4DB3-A6AB-87E783B2F3D1}"
EndProject
Global
	GlobalSection(SolutionConfigurationPlatforms) = preSolution
		Debug|x86 = Debug|x86
		Release|x86 = Release|x86
	EndGlobalSection
	GlobalSection(ProjectConfigurationPlatforms) = postSolution
		{151FE1FB-FCD4-4043-BB34-E733844BF700}.Debug|x86.ActiveCfg = Debug|x86
		{151FE1FB-FCD4-4043-BB34-E733844BF700}.Debug|x86.Build.0 = Debug|x86
		{151FE1FB-FCD4-4043-BB34-E733844BF700}.Release|x86.ActiveCfg = Release|x86
		{151FE1FB-FCD4-4043-BB34-E733844BF700}.Release|x86.Build.0 = Release|x86
		{4F7A8EF1-8092-4286-913D-022420818DB0}.Debug|x86.ActiveCfg = Debug|x86
		{4F7A8EF1-8092-4286-913D-022420818DB0}.Debug|x86.Build.0 = Debug|x86
		{4F7A8EF1-8092-4286-913D-022420818DB0}.Release|x86.ActiveCfg = Release|x86
		{4F7A8EF1-8092-4286-913D-022420818DB0}.Release|x86.Build.0 = Release|x86
		{6C55B776-26D4-4DB3-A6AB-87E783B2F3D1}.Debug|x86.ActiveCfg = Debug|x86
		{6C55B776-26D4-4DB3-A6AB-87E783B2F3D1}.Debug|x86.Build.0 = Debug|x86
		{6C55B776-26D4-4DB3-A6AB-87E783B2F3D1}.Release|x86.ActiveCfg = Release|x86
		{6C55B776-26D4-4DB3-A6AB-87E783B2F3D1}.Release|x86.Build.0 = Release|x86
	EndGlobalSection
	GlobalSection(SolutionProperties) = preSolution
		HideSolutionNode = FALSE
	EndGlobalSection
	GlobalSection(ExtensibilityGlobals) = postSolution
		SolutionGuid = {CE2F05BA-CDB4-4C71-AB46-9281CCADB55F}
	EndGlobalSection
EndGlobal
